// !$*UTF8*$!
{
	archiveVersion = 1;
	classes = {
	};
	objectVersion = 56;
	objects = {

/* Begin PBXBuildFile section */
		D110B5422B714E9400993CE5 /* AppDelegate.swift in Sources */ = {isa = PBXBuildFile; fileRef = D110B5412B714E9400993CE5 /* AppDelegate.swift */; };
		D110B5442B714E9400993CE5 /* SceneDelegate.swift in Sources */ = {isa = PBXBuildFile; fileRef = D110B5432B714E9400993CE5 /* SceneDelegate.swift */; };
		D110B5462B714E9400993CE5 /* ImagesListViewController.swift in Sources */ = {isa = PBXBuildFile; fileRef = D110B5452B714E9400993CE5 /* ImagesListViewController.swift */; };
		D110B5492B714E9400993CE5 /* Main.storyboard in Resources */ = {isa = PBXBuildFile; fileRef = D110B5472B714E9400993CE5 /* Main.storyboard */; };
		D110B54B2B714E9500993CE5 /* Assets.xcassets in Resources */ = {isa = PBXBuildFile; fileRef = D110B54A2B714E9500993CE5 /* Assets.xcassets */; };
		D110B54E2B714E9500993CE5 /* LaunchScreen.storyboard in Resources */ = {isa = PBXBuildFile; fileRef = D110B54C2B714E9500993CE5 /* LaunchScreen.storyboard */; };
		D110B5762B756A2400993CE5 /* ImagesListCell.swift in Sources */ = {isa = PBXBuildFile; fileRef = D110B5752B756A2400993CE5 /* ImagesListCell.swift */; };
		D17B0A772B82039000492C0C /* ProfileViewController.swift in Sources */ = {isa = PBXBuildFile; fileRef = D17B0A762B82039000492C0C /* ProfileViewController.swift */; };
		D17B0A7A2B8219B800492C0C /* SingleImageViewController.swift in Sources */ = {isa = PBXBuildFile; fileRef = D17B0A792B8219B800492C0C /* SingleImageViewController.swift */; };
		D17B0A7F2B98E8C500492C0C /* Constants.swift in Sources */ = {isa = PBXBuildFile; fileRef = D17B0A7E2B98E8C500492C0C /* Constants.swift */; };
		D17B0A822B99160C00492C0C /* AuthViewController.swift in Sources */ = {isa = PBXBuildFile; fileRef = D17B0A812B99160C00492C0C /* AuthViewController.swift */; };
		D17B0A842B9A27A900492C0C /* WebViewController.swift in Sources */ = {isa = PBXBuildFile; fileRef = D17B0A832B9A27A900492C0C /* WebViewController.swift */; };
		D17B0A8B2B9F7BEB00492C0C /* OAuth2.swift in Sources */ = {isa = PBXBuildFile; fileRef = D17B0A8A2B9F7BEB00492C0C /* OAuth2.swift */; };
		D17B0A8D2B9F7C4200492C0C /* URLSession+data.swift in Sources */ = {isa = PBXBuildFile; fileRef = D17B0A8C2B9F7C4200492C0C /* URLSession+data.swift */; };
		D17B0A8F2B9F7E3A00492C0C /* OAuth2TokenStorage.swift in Sources */ = {isa = PBXBuildFile; fileRef = D17B0A8E2B9F7E3A00492C0C /* OAuth2TokenStorage.swift */; };
		D17B0A922BA0C41B00492C0C /* OAuthTokenResponseBody.swift in Sources */ = {isa = PBXBuildFile; fileRef = D17B0A912BA0C41B00492C0C /* OAuthTokenResponseBody.swift */; };
		D17B0A952BA18B4A00492C0C /* SplashViewController.swift in Sources */ = {isa = PBXBuildFile; fileRef = D17B0A942BA18B4A00492C0C /* SplashViewController.swift */; };
/* End PBXBuildFile section */

/* Begin PBXFileReference section */
		D110B53E2B714E9400993CE5 /* ImageFeed.app */ = {isa = PBXFileReference; explicitFileType = wrapper.application; includeInIndex = 0; path = ImageFeed.app; sourceTree = BUILT_PRODUCTS_DIR; };
		D110B5412B714E9400993CE5 /* AppDelegate.swift */ = {isa = PBXFileReference; lastKnownFileType = sourcecode.swift; path = AppDelegate.swift; sourceTree = "<group>"; };
		D110B5432B714E9400993CE5 /* SceneDelegate.swift */ = {isa = PBXFileReference; lastKnownFileType = sourcecode.swift; path = SceneDelegate.swift; sourceTree = "<group>"; };
		D110B5452B714E9400993CE5 /* ImagesListViewController.swift */ = {isa = PBXFileReference; lastKnownFileType = sourcecode.swift; path = ImagesListViewController.swift; sourceTree = "<group>"; };
		D110B5482B714E9400993CE5 /* Base */ = {isa = PBXFileReference; lastKnownFileType = file.storyboard; name = Base; path = Base.lproj/Main.storyboard; sourceTree = "<group>"; };
		D110B54A2B714E9500993CE5 /* Assets.xcassets */ = {isa = PBXFileReference; lastKnownFileType = folder.assetcatalog; path = Assets.xcassets; sourceTree = "<group>"; };
		D110B54D2B714E9500993CE5 /* Base */ = {isa = PBXFileReference; lastKnownFileType = file.storyboard; name = Base; path = Base.lproj/LaunchScreen.storyboard; sourceTree = "<group>"; };
		D110B54F2B714E9500993CE5 /* Info.plist */ = {isa = PBXFileReference; lastKnownFileType = text.plist.xml; path = Info.plist; sourceTree = "<group>"; };
		D110B5752B756A2400993CE5 /* ImagesListCell.swift */ = {isa = PBXFileReference; lastKnownFileType = sourcecode.swift; path = ImagesListCell.swift; sourceTree = "<group>"; };
		D17B0A762B82039000492C0C /* ProfileViewController.swift */ = {isa = PBXFileReference; lastKnownFileType = sourcecode.swift; path = ProfileViewController.swift; sourceTree = "<group>"; };
		D17B0A792B8219B800492C0C /* SingleImageViewController.swift */ = {isa = PBXFileReference; lastKnownFileType = sourcecode.swift; path = SingleImageViewController.swift; sourceTree = "<group>"; };
		D17B0A7E2B98E8C500492C0C /* Constants.swift */ = {isa = PBXFileReference; lastKnownFileType = sourcecode.swift; path = Constants.swift; sourceTree = "<group>"; };
		D17B0A812B99160C00492C0C /* AuthViewController.swift */ = {isa = PBXFileReference; lastKnownFileType = sourcecode.swift; path = AuthViewController.swift; sourceTree = "<group>"; };
		D17B0A832B9A27A900492C0C /* WebViewController.swift */ = {isa = PBXFileReference; lastKnownFileType = sourcecode.swift; path = WebViewController.swift; sourceTree = "<group>"; };
		D17B0A8A2B9F7BEB00492C0C /* OAuth2.swift */ = {isa = PBXFileReference; lastKnownFileType = sourcecode.swift; path = OAuth2.swift; sourceTree = "<group>"; };
		D17B0A8C2B9F7C4200492C0C /* URLSession+data.swift */ = {isa = PBXFileReference; lastKnownFileType = sourcecode.swift; path = "URLSession+data.swift"; sourceTree = "<group>"; };
		D17B0A8E2B9F7E3A00492C0C /* OAuth2TokenStorage.swift */ = {isa = PBXFileReference; lastKnownFileType = sourcecode.swift; path = OAuth2TokenStorage.swift; sourceTree = "<group>"; };
		D17B0A912BA0C41B00492C0C /* OAuthTokenResponseBody.swift */ = {isa = PBXFileReference; lastKnownFileType = sourcecode.swift; path = OAuthTokenResponseBody.swift; sourceTree = "<group>"; };
		D17B0A942BA18B4A00492C0C /* SplashViewController.swift */ = {isa = PBXFileReference; lastKnownFileType = sourcecode.swift; path = SplashViewController.swift; sourceTree = "<group>"; };
/* End PBXFileReference section */

/* Begin PBXFrameworksBuildPhase section */
		D110B53B2B714E9400993CE5 /* Frameworks */ = {
			isa = PBXFrameworksBuildPhase;
			buildActionMask = 2147483647;
			files = (
			);
			runOnlyForDeploymentPostprocessing = 0;
		};
/* End PBXFrameworksBuildPhase section */

/* Begin PBXGroup section */
		D110B5352B714E9400993CE5 = {
			isa = PBXGroup;
			children = (
				D110B5402B714E9400993CE5 /* ImageFeed */,
				D110B53F2B714E9400993CE5 /* Products */,
			);
			sourceTree = "<group>";
		};
		D110B53F2B714E9400993CE5 /* Products */ = {
			isa = PBXGroup;
			children = (
				D110B53E2B714E9400993CE5 /* ImageFeed.app */,
			);
			name = Products;
			sourceTree = "<group>";
		};
		D110B5402B714E9400993CE5 /* ImageFeed */ = {
			isa = PBXGroup;
			children = (
				D17B0A972BA1A96500492C0C /* Application */,
				D17B0A802B99155200492C0C /* Auth */,
				D17B0A882B9F7BA200492C0C /* Helpers */,
				D110B5782B756AB700993CE5 /* ImagesList */,
				D17B0A902BA0C40400492C0C /* Models */,
				D17B0A782B820A3B00492C0C /* Profile */,
				D17B0A962BA1A91000492C0C /* Resources */,
				D17B0A892B9F7BEB00492C0C /* Services */,
				D17B0A7B2B821B8E00492C0C /* SingleImage */,
				D17B0A932BA18AF100492C0C /* Splash */,
				D110B5472B714E9400993CE5 /* Main.storyboard */,
			);
			path = ImageFeed;
			sourceTree = "<group>";
		};
		D110B5782B756AB700993CE5 /* ImagesList */ = {
			isa = PBXGroup;
			children = (
				D110B5752B756A2400993CE5 /* ImagesListCell.swift */,
				D110B5452B714E9400993CE5 /* ImagesListViewController.swift */,
			);
			path = ImagesList;
			sourceTree = "<group>";
		};
		D17B0A782B820A3B00492C0C /* Profile */ = {
			isa = PBXGroup;
			children = (
				D17B0A762B82039000492C0C /* ProfileViewController.swift */,
			);
			path = Profile;
			sourceTree = "<group>";
		};
		D17B0A7B2B821B8E00492C0C /* SingleImage */ = {
			isa = PBXGroup;
			children = (
				D17B0A792B8219B800492C0C /* SingleImageViewController.swift */,
			);
			path = SingleImage;
			sourceTree = "<group>";
		};
		D17B0A802B99155200492C0C /* Auth */ = {
			isa = PBXGroup;
			children = (
				D17B0A812B99160C00492C0C /* AuthViewController.swift */,
				D17B0A7E2B98E8C500492C0C /* Constants.swift */,
				D17B0A832B9A27A900492C0C /* WebViewController.swift */,
			);
			path = Auth;
			sourceTree = "<group>";
		};
		D17B0A882B9F7BA200492C0C /* Helpers */ = {
			isa = PBXGroup;
			children = (
				D17B0A8C2B9F7C4200492C0C /* URLSession+data.swift */,
			);
			path = Helpers;
			sourceTree = "<group>";
		};
		D17B0A892B9F7BEB00492C0C /* Services */ = {
			isa = PBXGroup;
			children = (
				D17B0A8A2B9F7BEB00492C0C /* OAuth2.swift */,
				D17B0A8E2B9F7E3A00492C0C /* OAuth2TokenStorage.swift */,
			);
			path = Services;
			sourceTree = "<group>";
		};
		D17B0A902BA0C40400492C0C /* Models */ = {
			isa = PBXGroup;
			children = (
				D17B0A912BA0C41B00492C0C /* OAuthTokenResponseBody.swift */,
			);
			path = Models;
			sourceTree = "<group>";
		};
		D17B0A932BA18AF100492C0C /* Splash */ = {
			isa = PBXGroup;
			children = (
				D17B0A942BA18B4A00492C0C /* SplashViewController.swift */,
			);
			path = Splash;
			sourceTree = "<group>";
		};
		D17B0A962BA1A91000492C0C /* Resources */ = {
			isa = PBXGroup;
			children = (
				D110B54A2B714E9500993CE5 /* Assets.xcassets */,
				D110B54C2B714E9500993CE5 /* LaunchScreen.storyboard */,
				D110B54F2B714E9500993CE5 /* Info.plist */,
			);
			path = Resources;
			sourceTree = "<group>";
		};
		D17B0A972BA1A96500492C0C /* Application */ = {
			isa = PBXGroup;
			children = (
				D110B5412B714E9400993CE5 /* AppDelegate.swift */,
				D110B5432B714E9400993CE5 /* SceneDelegate.swift */,
			);
			path = Application;
			sourceTree = "<group>";
		};
/* End PBXGroup section */

/* Begin PBXNativeTarget section */
		D110B53D2B714E9400993CE5 /* ImageFeed */ = {
			isa = PBXNativeTarget;
			buildConfigurationList = D110B5522B714E9500993CE5 /* Build configuration list for PBXNativeTarget "ImageFeed" */;
			buildPhases = (
				D110B53A2B714E9400993CE5 /* Sources */,
				D110B53B2B714E9400993CE5 /* Frameworks */,
				D110B53C2B714E9400993CE5 /* Resources */,
			);
			buildRules = (
			);
			dependencies = (
			);
			name = ImageFeed;
			productName = ImageFeed;
			productReference = D110B53E2B714E9400993CE5 /* ImageFeed.app */;
			productType = "com.apple.product-type.application";
		};
/* End PBXNativeTarget section */

/* Begin PBXProject section */
		D110B5362B714E9400993CE5 /* Project object */ = {
			isa = PBXProject;
			attributes = {
				BuildIndependentTargetsInParallel = 1;
				LastSwiftUpdateCheck = 1500;
				LastUpgradeCheck = 1500;
				TargetAttributes = {
					D110B53D2B714E9400993CE5 = {
						CreatedOnToolsVersion = 15.0.1;
					};
				};
			};
			buildConfigurationList = D110B5392B714E9400993CE5 /* Build configuration list for PBXProject "ImageFeed" */;
			compatibilityVersion = "Xcode 14.0";
			developmentRegion = en;
			hasScannedForEncodings = 0;
			knownRegions = (
				en,
				Base,
			);
			mainGroup = D110B5352B714E9400993CE5;
			productRefGroup = D110B53F2B714E9400993CE5 /* Products */;
			projectDirPath = "";
			projectRoot = "";
			targets = (
				D110B53D2B714E9400993CE5 /* ImageFeed */,
			);
		};
/* End PBXProject section */

/* Begin PBXResourcesBuildPhase section */
		D110B53C2B714E9400993CE5 /* Resources */ = {
			isa = PBXResourcesBuildPhase;
			buildActionMask = 2147483647;
			files = (
				D110B54E2B714E9500993CE5 /* LaunchScreen.storyboard in Resources */,
				D110B54B2B714E9500993CE5 /* Assets.xcassets in Resources */,
				D110B5492B714E9400993CE5 /* Main.storyboard in Resources */,
			);
			runOnlyForDeploymentPostprocessing = 0;
		};
/* End PBXResourcesBuildPhase section */

/* Begin PBXSourcesBuildPhase section */
		D110B53A2B714E9400993CE5 /* Sources */ = {
			isa = PBXSourcesBuildPhase;
			buildActionMask = 2147483647;
			files = (
				D17B0A8F2B9F7E3A00492C0C /* OAuth2TokenStorage.swift in Sources */,
				D110B5462B714E9400993CE5 /* ImagesListViewController.swift in Sources */,
				D17B0A842B9A27A900492C0C /* WebViewController.swift in Sources */,
				D17B0A8B2B9F7BEB00492C0C /* OAuth2.swift in Sources */,
				D110B5762B756A2400993CE5 /* ImagesListCell.swift in Sources */,
				D17B0A952BA18B4A00492C0C /* SplashViewController.swift in Sources */,
				D17B0A922BA0C41B00492C0C /* OAuthTokenResponseBody.swift in Sources */,
				D17B0A772B82039000492C0C /* ProfileViewController.swift in Sources */,
				D110B5422B714E9400993CE5 /* AppDelegate.swift in Sources */,
				D17B0A822B99160C00492C0C /* AuthViewController.swift in Sources */,
				D17B0A8D2B9F7C4200492C0C /* URLSession+data.swift in Sources */,
				D17B0A7F2B98E8C500492C0C /* Constants.swift in Sources */,
				D17B0A7A2B8219B800492C0C /* SingleImageViewController.swift in Sources */,
				D110B5442B714E9400993CE5 /* SceneDelegate.swift in Sources */,
			);
			runOnlyForDeploymentPostprocessing = 0;
		};
/* End PBXSourcesBuildPhase section */

/* Begin PBXVariantGroup section */
		D110B5472B714E9400993CE5 /* Main.storyboard */ = {
			isa = PBXVariantGroup;
			children = (
				D110B5482B714E9400993CE5 /* Base */,
			);
			name = Main.storyboard;
			sourceTree = "<group>";
		};
		D110B54C2B714E9500993CE5 /* LaunchScreen.storyboard */ = {
			isa = PBXVariantGroup;
			children = (
				D110B54D2B714E9500993CE5 /* Base */,
			);
			name = LaunchScreen.storyboard;
			sourceTree = "<group>";
		};
/* End PBXVariantGroup section */

/* Begin XCBuildConfiguration section */
		D110B5502B714E9500993CE5 /* Debug */ = {
			isa = XCBuildConfiguration;
			buildSettings = {
				ALWAYS_SEARCH_USER_PATHS = NO;
				ASSETCATALOG_COMPILER_GENERATE_SWIFT_ASSET_SYMBOL_EXTENSIONS = YES;
				CLANG_ANALYZER_NONNULL = YES;
				CLANG_ANALYZER_NUMBER_OBJECT_CONVERSION = YES_AGGRESSIVE;
				CLANG_CXX_LANGUAGE_STANDARD = "gnu++20";
				CLANG_ENABLE_MODULES = YES;
				CLANG_ENABLE_OBJC_ARC = YES;
				CLANG_ENABLE_OBJC_WEAK = YES;
				CLANG_WARN_BLOCK_CAPTURE_AUTORELEASING = YES;
				CLANG_WARN_BOOL_CONVERSION = YES;
				CLANG_WARN_COMMA = YES;
				CLANG_WARN_CONSTANT_CONVERSION = YES;
				CLANG_WARN_DEPRECATED_OBJC_IMPLEMENTATIONS = YES;
				CLANG_WARN_DIRECT_OBJC_ISA_USAGE = YES_ERROR;
				CLANG_WARN_DOCUMENTATION_COMMENTS = YES;
				CLANG_WARN_EMPTY_BODY = YES;
				CLANG_WARN_ENUM_CONVERSION = YES;
				CLANG_WARN_INFINITE_RECURSION = YES;
				CLANG_WARN_INT_CONVERSION = YES;
				CLANG_WARN_NON_LITERAL_NULL_CONVERSION = YES;
				CLANG_WARN_OBJC_IMPLICIT_RETAIN_SELF = YES;
				CLANG_WARN_OBJC_LITERAL_CONVERSION = YES;
				CLANG_WARN_OBJC_ROOT_CLASS = YES_ERROR;
				CLANG_WARN_QUOTED_INCLUDE_IN_FRAMEWORK_HEADER = YES;
				CLANG_WARN_RANGE_LOOP_ANALYSIS = YES;
				CLANG_WARN_STRICT_PROTOTYPES = YES;
				CLANG_WARN_SUSPICIOUS_MOVE = YES;
				CLANG_WARN_UNGUARDED_AVAILABILITY = YES_AGGRESSIVE;
				CLANG_WARN_UNREACHABLE_CODE = YES;
				CLANG_WARN__DUPLICATE_METHOD_MATCH = YES;
				COPY_PHASE_STRIP = NO;
				DEBUG_INFORMATION_FORMAT = dwarf;
				ENABLE_STRICT_OBJC_MSGSEND = YES;
				ENABLE_TESTABILITY = YES;
				ENABLE_USER_SCRIPT_SANDBOXING = YES;
				GCC_C_LANGUAGE_STANDARD = gnu17;
				GCC_DYNAMIC_NO_PIC = NO;
				GCC_NO_COMMON_BLOCKS = YES;
				GCC_OPTIMIZATION_LEVEL = 0;
				GCC_PREPROCESSOR_DEFINITIONS = (
					"DEBUG=1",
					"$(inherited)",
				);
				GCC_WARN_64_TO_32_BIT_CONVERSION = YES;
				GCC_WARN_ABOUT_RETURN_TYPE = YES_ERROR;
				GCC_WARN_UNDECLARED_SELECTOR = YES;
				GCC_WARN_UNINITIALIZED_AUTOS = YES_AGGRESSIVE;
				GCC_WARN_UNUSED_FUNCTION = YES;
				GCC_WARN_UNUSED_VARIABLE = YES;
				IPHONEOS_DEPLOYMENT_TARGET = 17.0;
				LOCALIZATION_PREFERS_STRING_CATALOGS = YES;
				MTL_ENABLE_DEBUG_INFO = INCLUDE_SOURCE;
				MTL_FAST_MATH = YES;
				ONLY_ACTIVE_ARCH = YES;
				SDKROOT = iphoneos;
				SWIFT_ACTIVE_COMPILATION_CONDITIONS = "DEBUG $(inherited)";
				SWIFT_OPTIMIZATION_LEVEL = "-Onone";
			};
			name = Debug;
		};
		D110B5512B714E9500993CE5 /* Release */ = {
			isa = XCBuildConfiguration;
			buildSettings = {
				ALWAYS_SEARCH_USER_PATHS = NO;
				ASSETCATALOG_COMPILER_GENERATE_SWIFT_ASSET_SYMBOL_EXTENSIONS = YES;
				CLANG_ANALYZER_NONNULL = YES;
				CLANG_ANALYZER_NUMBER_OBJECT_CONVERSION = YES_AGGRESSIVE;
				CLANG_CXX_LANGUAGE_STANDARD = "gnu++20";
				CLANG_ENABLE_MODULES = YES;
				CLANG_ENABLE_OBJC_ARC = YES;
				CLANG_ENABLE_OBJC_WEAK = YES;
				CLANG_WARN_BLOCK_CAPTURE_AUTORELEASING = YES;
				CLANG_WARN_BOOL_CONVERSION = YES;
				CLANG_WARN_COMMA = YES;
				CLANG_WARN_CONSTANT_CONVERSION = YES;
				CLANG_WARN_DEPRECATED_OBJC_IMPLEMENTATIONS = YES;
				CLANG_WARN_DIRECT_OBJC_ISA_USAGE = YES_ERROR;
				CLANG_WARN_DOCUMENTATION_COMMENTS = YES;
				CLANG_WARN_EMPTY_BODY = YES;
				CLANG_WARN_ENUM_CONVERSION = YES;
				CLANG_WARN_INFINITE_RECURSION = YES;
				CLANG_WARN_INT_CONVERSION = YES;
				CLANG_WARN_NON_LITERAL_NULL_CONVERSION = YES;
				CLANG_WARN_OBJC_IMPLICIT_RETAIN_SELF = YES;
				CLANG_WARN_OBJC_LITERAL_CONVERSION = YES;
				CLANG_WARN_OBJC_ROOT_CLASS = YES_ERROR;
				CLANG_WARN_QUOTED_INCLUDE_IN_FRAMEWORK_HEADER = YES;
				CLANG_WARN_RANGE_LOOP_ANALYSIS = YES;
				CLANG_WARN_STRICT_PROTOTYPES = YES;
				CLANG_WARN_SUSPICIOUS_MOVE = YES;
				CLANG_WARN_UNGUARDED_AVAILABILITY = YES_AGGRESSIVE;
				CLANG_WARN_UNREACHABLE_CODE = YES;
				CLANG_WARN__DUPLICATE_METHOD_MATCH = YES;
				COPY_PHASE_STRIP = NO;
				DEBUG_INFORMATION_FORMAT = "dwarf-with-dsym";
				ENABLE_NS_ASSERTIONS = NO;
				ENABLE_STRICT_OBJC_MSGSEND = YES;
				ENABLE_USER_SCRIPT_SANDBOXING = YES;
				GCC_C_LANGUAGE_STANDARD = gnu17;
				GCC_NO_COMMON_BLOCKS = YES;
				GCC_WARN_64_TO_32_BIT_CONVERSION = YES;
				GCC_WARN_ABOUT_RETURN_TYPE = YES_ERROR;
				GCC_WARN_UNDECLARED_SELECTOR = YES;
				GCC_WARN_UNINITIALIZED_AUTOS = YES_AGGRESSIVE;
				GCC_WARN_UNUSED_FUNCTION = YES;
				GCC_WARN_UNUSED_VARIABLE = YES;
				IPHONEOS_DEPLOYMENT_TARGET = 17.0;
				LOCALIZATION_PREFERS_STRING_CATALOGS = YES;
				MTL_ENABLE_DEBUG_INFO = NO;
				MTL_FAST_MATH = YES;
				SDKROOT = iphoneos;
				SWIFT_COMPILATION_MODE = wholemodule;
				VALIDATE_PRODUCT = YES;
			};
			name = Release;
		};
		D110B5532B714E9500993CE5 /* Debug */ = {
			isa = XCBuildConfiguration;
			buildSettings = {
				ASSETCATALOG_COMPILER_APPICON_NAME = AppIcon;
				ASSETCATALOG_COMPILER_GLOBAL_ACCENT_COLOR_NAME = AccentColor;
				CODE_SIGN_STYLE = Automatic;
				CURRENT_PROJECT_VERSION = 1;
				DEVELOPMENT_TEAM = R538Q3N3GR;
				GENERATE_INFOPLIST_FILE = YES;
				INFOPLIST_FILE = ImageFeed/Resources/Info.plist;
				INFOPLIST_KEY_UIApplicationSupportsIndirectInputEvents = YES;
				INFOPLIST_KEY_UILaunchStoryboardName = LaunchScreen;
				INFOPLIST_KEY_UIMainStoryboardFile = Main;
				INFOPLIST_KEY_UISupportedInterfaceOrientations_iPad = "UIInterfaceOrientationPortrait UIInterfaceOrientationPortraitUpsideDown UIInterfaceOrientationLandscapeLeft UIInterfaceOrientationLandscapeRight";
				INFOPLIST_KEY_UISupportedInterfaceOrientations_iPhone = UIInterfaceOrientationPortrait;
				IPHONEOS_DEPLOYMENT_TARGET = 13.0;
				LD_RUNPATH_SEARCH_PATHS = (
					"$(inherited)",
					"@executable_path/Frameworks",
				);
				MARKETING_VERSION = 1.0;
				PRODUCT_BUNDLE_IDENTIFIER = ru.yandex.neenjahw.ImageFeed;
				PRODUCT_NAME = "$(TARGET_NAME)";
				SUPPORTED_PLATFORMS = "iphoneos iphonesimulator";
				SUPPORTS_MACCATALYST = NO;
				SWIFT_EMIT_LOC_STRINGS = YES;
				SWIFT_VERSION = 5.0;
				TARGETED_DEVICE_FAMILY = 1;
			};
			name = Debug;
		};
		D110B5542B714E9500993CE5 /* Release */ = {
			isa = XCBuildConfiguration;
			buildSettings = {
				ASSETCATALOG_COMPILER_APPICON_NAME = AppIcon;
				ASSETCATALOG_COMPILER_GLOBAL_ACCENT_COLOR_NAME = AccentColor;
				CODE_SIGN_STYLE = Automatic;
				CURRENT_PROJECT_VERSION = 1;
				DEVELOPMENT_TEAM = R538Q3N3GR;
				GENERATE_INFOPLIST_FILE = YES;
				INFOPLIST_FILE = ImageFeed/Resources/Info.plist;
				INFOPLIST_KEY_UIApplicationSupportsIndirectInputEvents = YES;
				INFOPLIST_KEY_UILaunchStoryboardName = LaunchScreen;
				INFOPLIST_KEY_UIMainStoryboardFile = Main;
				INFOPLIST_KEY_UISupportedInterfaceOrientations_iPad = "UIInterfaceOrientationPortrait UIInterfaceOrientationPortraitUpsideDown UIInterfaceOrientationLandscapeLeft UIInterfaceOrientationLandscapeRight";
				INFOPLIST_KEY_UISupportedInterfaceOrientations_iPhone = UIInterfaceOrientationPortrait;
				IPHONEOS_DEPLOYMENT_TARGET = 13.0;
				LD_RUNPATH_SEARCH_PATHS = (
					"$(inherited)",
					"@executable_path/Frameworks",
				);
				MARKETING_VERSION = 1.0;
				PRODUCT_BUNDLE_IDENTIFIER = ru.yandex.neenjahw.ImageFeed;
				PRODUCT_NAME = "$(TARGET_NAME)";
				SUPPORTED_PLATFORMS = "iphoneos iphonesimulator";
				SUPPORTS_MACCATALYST = NO;
				SWIFT_EMIT_LOC_STRINGS = YES;
				SWIFT_VERSION = 5.0;
				TARGETED_DEVICE_FAMILY = 1;
			};
			name = Release;
		};
/* End XCBuildConfiguration section */

/* Begin XCConfigurationList section */
		D110B5392B714E9400993CE5 /* Build configuration list for PBXProject "ImageFeed" */ = {
			isa = XCConfigurationList;
			buildConfigurations = (
				D110B5502B714E9500993CE5 /* Debug */,
				D110B5512B714E9500993CE5 /* Release */,
			);
			defaultConfigurationIsVisible = 0;
			defaultConfigurationName = Release;
		};
		D110B5522B714E9500993CE5 /* Build configuration list for PBXNativeTarget "ImageFeed" */ = {
			isa = XCConfigurationList;
			buildConfigurations = (
				D110B5532B714E9500993CE5 /* Debug */,
				D110B5542B714E9500993CE5 /* Release */,
			);
			defaultConfigurationIsVisible = 0;
			defaultConfigurationName = Release;
		};
/* End XCConfigurationList section */
	};
	rootObject = D110B5362B714E9400993CE5 /* Project object */;
}
